// !$*UTF8*$!
{
	archiveVersion = 1;
	classes = {
	};
	objectVersion = 50;
	objects = {

/* Begin PBXBuildFile section */
		4A138E56227CAEDB00AA2618 /* AppDelegate.swift in Sources */ = {isa = PBXBuildFile; fileRef = 4A138E55227CAEDB00AA2618 /* AppDelegate.swift */; };
		4A138E5D227CAEE600AA2618 /* Assets.xcassets in Resources */ = {isa = PBXBuildFile; fileRef = 4A138E5C227CAEE600AA2618 /* Assets.xcassets */; };
		4A138E60227CAEE600AA2618 /* LaunchScreen.storyboard in Resources */ = {isa = PBXBuildFile; fileRef = 4A138E5E227CAEE600AA2618 /* LaunchScreen.storyboard */; };
		4A138E6B227CAEE600AA2618 /* Rock_Paper_ScissorsTests.swift in Sources */ = {isa = PBXBuildFile; fileRef = 4A138E6A227CAEE600AA2618 /* Rock_Paper_ScissorsTests.swift */; };
		4A138E76227CAF3D00AA2618 /* AppWorkflow.swift in Sources */ = {isa = PBXBuildFile; fileRef = 4A138E75227CAF3D00AA2618 /* AppWorkflow.swift */; };
		4A138E78227CAF5100AA2618 /* AppWorkflowImpl.swift in Sources */ = {isa = PBXBuildFile; fileRef = 4A138E77227CAF5100AA2618 /* AppWorkflowImpl.swift */; };
		4A138E7A227CAF9A00AA2618 /* AppWorkflowFactory.swift in Sources */ = {isa = PBXBuildFile; fileRef = 4A138E79227CAF9A00AA2618 /* AppWorkflowFactory.swift */; };
		4A138E83227CB16F00AA2618 /* GameViewController.swift in Sources */ = {isa = PBXBuildFile; fileRef = 4A138E82227CB16F00AA2618 /* GameViewController.swift */; };
		4A138E85227CB18A00AA2618 /* GamePresenter.swift in Sources */ = {isa = PBXBuildFile; fileRef = 4A138E84227CB18A00AA2618 /* GamePresenter.swift */; };
		4A138E88227CB1C300AA2618 /* GamePresenterImpl.swift in Sources */ = {isa = PBXBuildFile; fileRef = 4A138E87227CB1C300AA2618 /* GamePresenterImpl.swift */; };
		4A138E8A227CB1EA00AA2618 /* Game.storyboard in Resources */ = {isa = PBXBuildFile; fileRef = 4A138E89227CB1EA00AA2618 /* Game.storyboard */; };
		4A138E8C227CB20600AA2618 /* GameViewFactory.swift in Sources */ = {isa = PBXBuildFile; fileRef = 4A138E8B227CB20600AA2618 /* GameViewFactory.swift */; };
		4A138E8F227CB2A500AA2618 /* GamePresentation.swift in Sources */ = {isa = PBXBuildFile; fileRef = 4A138E8E227CB2A500AA2618 /* GamePresentation.swift */; };
		4A138E93227CB31000AA2618 /* GameFactory.swift in Sources */ = {isa = PBXBuildFile; fileRef = 4A138E92227CB31000AA2618 /* GameFactory.swift */; };
		4A138E95227CB33200AA2618 /* GameWorkflow.swift in Sources */ = {isa = PBXBuildFile; fileRef = 4A138E94227CB33200AA2618 /* GameWorkflow.swift */; };
		4A138E97227CB34B00AA2618 /* GameWorkflowImpl.swift in Sources */ = {isa = PBXBuildFile; fileRef = 4A138E96227CB34B00AA2618 /* GameWorkflowImpl.swift */; };
		4A138E99227CB38400AA2618 /* GameWorkflowFactory.swift in Sources */ = {isa = PBXBuildFile; fileRef = 4A138E98227CB38400AA2618 /* GameWorkflowFactory.swift */; };
		4A138E9B227CB7AF00AA2618 /* GameViewControls.swift in Sources */ = {isa = PBXBuildFile; fileRef = 4A138E9A227CB7AF00AA2618 /* GameViewControls.swift */; };
		4A138E9D227CB7FC00AA2618 /* GamePresenterFactory.swift in Sources */ = {isa = PBXBuildFile; fileRef = 4A138E9C227CB7FC00AA2618 /* GamePresenterFactory.swift */; };
		4A138EA0227CBA5500AA2618 /* Attack.swift in Sources */ = {isa = PBXBuildFile; fileRef = 4A138E9F227CBA5500AA2618 /* Attack.swift */; };
		4A138EA2227CBFDE00AA2618 /* Opponent.swift in Sources */ = {isa = PBXBuildFile; fileRef = 4A138EA1227CBFDE00AA2618 /* Opponent.swift */; };
		4A138EA4227CC00A00AA2618 /* Player.swift in Sources */ = {isa = PBXBuildFile; fileRef = 4A138EA3227CC00A00AA2618 /* Player.swift */; };
		4A138EA6227CC03500AA2618 /* RandomPickerOpponent.swift in Sources */ = {isa = PBXBuildFile; fileRef = 4A138EA5227CC03500AA2618 /* RandomPickerOpponent.swift */; };
		4A138EA9227E013900AA2618 /* OpponentFactory.swift in Sources */ = {isa = PBXBuildFile; fileRef = 4A138EA8227E013900AA2618 /* OpponentFactory.swift */; };
/* End PBXBuildFile section */

/* Begin PBXContainerItemProxy section */
		4A138E67227CAEE600AA2618 /* PBXContainerItemProxy */ = {
			isa = PBXContainerItemProxy;
			containerPortal = 4A138E4A227CAEDB00AA2618 /* Project object */;
			proxyType = 1;
			remoteGlobalIDString = 4A138E51227CAEDB00AA2618;
			remoteInfo = "Rock Paper Scissors";
		};
/* End PBXContainerItemProxy section */

/* Begin PBXFileReference section */
		4A138E52227CAEDB00AA2618 /* Rock Paper Scissors.app */ = {isa = PBXFileReference; explicitFileType = wrapper.application; includeInIndex = 0; path = "Rock Paper Scissors.app"; sourceTree = BUILT_PRODUCTS_DIR; };
		4A138E55227CAEDB00AA2618 /* AppDelegate.swift */ = {isa = PBXFileReference; lastKnownFileType = sourcecode.swift; path = AppDelegate.swift; sourceTree = "<group>"; };
		4A138E5C227CAEE600AA2618 /* Assets.xcassets */ = {isa = PBXFileReference; lastKnownFileType = folder.assetcatalog; path = Assets.xcassets; sourceTree = "<group>"; };
		4A138E5F227CAEE600AA2618 /* Base */ = {isa = PBXFileReference; lastKnownFileType = file.storyboard; name = Base; path = Base.lproj/LaunchScreen.storyboard; sourceTree = "<group>"; };
		4A138E61227CAEE600AA2618 /* Info.plist */ = {isa = PBXFileReference; lastKnownFileType = text.plist.xml; path = Info.plist; sourceTree = "<group>"; };
		4A138E66227CAEE600AA2618 /* Rock Paper ScissorsTests.xctest */ = {isa = PBXFileReference; explicitFileType = wrapper.cfbundle; includeInIndex = 0; path = "Rock Paper ScissorsTests.xctest"; sourceTree = BUILT_PRODUCTS_DIR; };
		4A138E6A227CAEE600AA2618 /* Rock_Paper_ScissorsTests.swift */ = {isa = PBXFileReference; lastKnownFileType = sourcecode.swift; path = Rock_Paper_ScissorsTests.swift; sourceTree = "<group>"; };
		4A138E6C227CAEE600AA2618 /* Info.plist */ = {isa = PBXFileReference; lastKnownFileType = text.plist.xml; path = Info.plist; sourceTree = "<group>"; };
		4A138E75227CAF3D00AA2618 /* AppWorkflow.swift */ = {isa = PBXFileReference; lastKnownFileType = sourcecode.swift; path = AppWorkflow.swift; sourceTree = "<group>"; };
		4A138E77227CAF5100AA2618 /* AppWorkflowImpl.swift */ = {isa = PBXFileReference; lastKnownFileType = sourcecode.swift; path = AppWorkflowImpl.swift; sourceTree = "<group>"; };
		4A138E79227CAF9A00AA2618 /* AppWorkflowFactory.swift */ = {isa = PBXFileReference; lastKnownFileType = sourcecode.swift; path = AppWorkflowFactory.swift; sourceTree = "<group>"; };
		4A138E82227CB16F00AA2618 /* GameViewController.swift */ = {isa = PBXFileReference; lastKnownFileType = sourcecode.swift; path = GameViewController.swift; sourceTree = "<group>"; };
		4A138E84227CB18A00AA2618 /* GamePresenter.swift */ = {isa = PBXFileReference; lastKnownFileType = sourcecode.swift; path = GamePresenter.swift; sourceTree = "<group>"; };
		4A138E87227CB1C300AA2618 /* GamePresenterImpl.swift */ = {isa = PBXFileReference; lastKnownFileType = sourcecode.swift; path = GamePresenterImpl.swift; sourceTree = "<group>"; };
		4A138E89227CB1EA00AA2618 /* Game.storyboard */ = {isa = PBXFileReference; lastKnownFileType = file.storyboard; path = Game.storyboard; sourceTree = "<group>"; };
		4A138E8B227CB20600AA2618 /* GameViewFactory.swift */ = {isa = PBXFileReference; lastKnownFileType = sourcecode.swift; path = GameViewFactory.swift; sourceTree = "<group>"; };
		4A138E8E227CB2A500AA2618 /* GamePresentation.swift */ = {isa = PBXFileReference; lastKnownFileType = sourcecode.swift; path = GamePresentation.swift; sourceTree = "<group>"; };
		4A138E92227CB31000AA2618 /* GameFactory.swift */ = {isa = PBXFileReference; lastKnownFileType = sourcecode.swift; path = GameFactory.swift; sourceTree = "<group>"; };
		4A138E94227CB33200AA2618 /* GameWorkflow.swift */ = {isa = PBXFileReference; lastKnownFileType = sourcecode.swift; path = GameWorkflow.swift; sourceTree = "<group>"; };
		4A138E96227CB34B00AA2618 /* GameWorkflowImpl.swift */ = {isa = PBXFileReference; lastKnownFileType = sourcecode.swift; path = GameWorkflowImpl.swift; sourceTree = "<group>"; };
		4A138E98227CB38400AA2618 /* GameWorkflowFactory.swift */ = {isa = PBXFileReference; lastKnownFileType = sourcecode.swift; path = GameWorkflowFactory.swift; sourceTree = "<group>"; };
		4A138E9A227CB7AF00AA2618 /* GameViewControls.swift */ = {isa = PBXFileReference; lastKnownFileType = sourcecode.swift; path = GameViewControls.swift; sourceTree = "<group>"; };
		4A138E9C227CB7FC00AA2618 /* GamePresenterFactory.swift */ = {isa = PBXFileReference; lastKnownFileType = sourcecode.swift; path = GamePresenterFactory.swift; sourceTree = "<group>"; };
		4A138E9F227CBA5500AA2618 /* Attack.swift */ = {isa = PBXFileReference; lastKnownFileType = sourcecode.swift; path = Attack.swift; sourceTree = "<group>"; };
		4A138EA1227CBFDE00AA2618 /* Opponent.swift */ = {isa = PBXFileReference; lastKnownFileType = sourcecode.swift; path = Opponent.swift; sourceTree = "<group>"; };
		4A138EA3227CC00A00AA2618 /* Player.swift */ = {isa = PBXFileReference; lastKnownFileType = sourcecode.swift; path = Player.swift; sourceTree = "<group>"; };
		4A138EA5227CC03500AA2618 /* RandomPickerOpponent.swift */ = {isa = PBXFileReference; lastKnownFileType = sourcecode.swift; path = RandomPickerOpponent.swift; sourceTree = "<group>"; };
		4A138EA8227E013900AA2618 /* OpponentFactory.swift */ = {isa = PBXFileReference; lastKnownFileType = sourcecode.swift; path = OpponentFactory.swift; sourceTree = "<group>"; };
/* End PBXFileReference section */

/* Begin PBXFrameworksBuildPhase section */
		4A138E4F227CAEDB00AA2618 /* Frameworks */ = {
			isa = PBXFrameworksBuildPhase;
			buildActionMask = 2147483647;
			files = (
			);
			runOnlyForDeploymentPostprocessing = 0;
		};
		4A138E63227CAEE600AA2618 /* Frameworks */ = {
			isa = PBXFrameworksBuildPhase;
			buildActionMask = 2147483647;
			files = (
			);
			runOnlyForDeploymentPostprocessing = 0;
		};
/* End PBXFrameworksBuildPhase section */

/* Begin PBXGroup section */
		4A138E49227CAEDB00AA2618 = {
			isa = PBXGroup;
			children = (
				4A138E54227CAEDB00AA2618 /* Rock Paper Scissors */,
				4A138E69227CAEE600AA2618 /* Rock Paper ScissorsTests */,
				4A138E53227CAEDB00AA2618 /* Products */,
			);
			sourceTree = "<group>";
		};
		4A138E53227CAEDB00AA2618 /* Products */ = {
			isa = PBXGroup;
			children = (
				4A138E52227CAEDB00AA2618 /* Rock Paper Scissors.app */,
				4A138E66227CAEE600AA2618 /* Rock Paper ScissorsTests.xctest */,
			);
			name = Products;
			sourceTree = "<group>";
		};
		4A138E54227CAEDB00AA2618 /* Rock Paper Scissors */ = {
			isa = PBXGroup;
			children = (
				4A138E7B227CAFC000AA2618 /* App Workflow */,
				4A138E55227CAEDB00AA2618 /* AppDelegate.swift */,
				4A138E7F227CB14800AA2618 /* Components */,
				4A138E61227CAEE600AA2618 /* Info.plist */,
				4A138E7E227CB09000AA2618 /* Resources */,
			);
			path = "Rock Paper Scissors";
			sourceTree = "<group>";
		};
		4A138E69227CAEE600AA2618 /* Rock Paper ScissorsTests */ = {
			isa = PBXGroup;
			children = (
				4A138E6A227CAEE600AA2618 /* Rock_Paper_ScissorsTests.swift */,
				4A138E6C227CAEE600AA2618 /* Info.plist */,
			);
			path = "Rock Paper ScissorsTests";
			sourceTree = "<group>";
		};
		4A138E7B227CAFC000AA2618 /* App Workflow */ = {
			isa = PBXGroup;
			children = (
				4A138E75227CAF3D00AA2618 /* AppWorkflow.swift */,
				4A138E79227CAF9A00AA2618 /* AppWorkflowFactory.swift */,
				4A138E77227CAF5100AA2618 /* AppWorkflowImpl.swift */,
			);
			path = "App Workflow";
			sourceTree = "<group>";
		};
		4A138E7E227CB09000AA2618 /* Resources */ = {
			isa = PBXGroup;
			children = (
				4A138E5C227CAEE600AA2618 /* Assets.xcassets */,
				4A138E5E227CAEE600AA2618 /* LaunchScreen.storyboard */,
			);
			path = Resources;
			sourceTree = "<group>";
		};
		4A138E7F227CB14800AA2618 /* Components */ = {
			isa = PBXGroup;
			children = (
				4A138E9E227CBA2C00AA2618 /* Model */,
				4A138E80227CB15200AA2618 /* Game */,
			);
			path = Components;
			sourceTree = "<group>";
		};
		4A138E80227CB15200AA2618 /* Game */ = {
			isa = PBXGroup;
			children = (
				4A138E90227CB2C200AA2618 /* Interface */,
				4A138E86227CB18D00AA2618 /* Presenter */,
				4A138E81227CB16400AA2618 /* View */,
				4A138E8D227CB29A00AA2618 /* Workflow */,
			);
			path = Game;
			sourceTree = "<group>";
		};
		4A138E81227CB16400AA2618 /* View */ = {
			isa = PBXGroup;
			children = (
				4A138E89227CB1EA00AA2618 /* Game.storyboard */,
				4A138E82227CB16F00AA2618 /* GameViewController.swift */,
				4A138E9A227CB7AF00AA2618 /* GameViewControls.swift */,
				4A138E8B227CB20600AA2618 /* GameViewFactory.swift */,
			);
			path = View;
			sourceTree = "<group>";
		};
		4A138E86227CB18D00AA2618 /* Presenter */ = {
			isa = PBXGroup;
			children = (
				4A138E84227CB18A00AA2618 /* GamePresenter.swift */,
				4A138E9C227CB7FC00AA2618 /* GamePresenterFactory.swift */,
				4A138E87227CB1C300AA2618 /* GamePresenterImpl.swift */,
				4A138EA7227E012E00AA2618 /* Opponent */,
			);
			path = Presenter;
			sourceTree = "<group>";
		};
		4A138E8D227CB29A00AA2618 /* Workflow */ = {
			isa = PBXGroup;
			children = (
				4A138E94227CB33200AA2618 /* GameWorkflow.swift */,
				4A138E98227CB38400AA2618 /* GameWorkflowFactory.swift */,
				4A138E96227CB34B00AA2618 /* GameWorkflowImpl.swift */,
			);
			path = Workflow;
			sourceTree = "<group>";
		};
		4A138E90227CB2C200AA2618 /* Interface */ = {
			isa = PBXGroup;
			children = (
				4A138E91227CB2E800AA2618 /* Provided */,
			);
			path = Interface;
			sourceTree = "<group>";
		};
		4A138E91227CB2E800AA2618 /* Provided */ = {
			isa = PBXGroup;
			children = (
				4A138E92227CB31000AA2618 /* GameFactory.swift */,
				4A138E8E227CB2A500AA2618 /* GamePresentation.swift */,
			);
			path = Provided;
			sourceTree = "<group>";
		};
		4A138E9E227CBA2C00AA2618 /* Model */ = {
			isa = PBXGroup;
			children = (
				4A138E9F227CBA5500AA2618 /* Attack.swift */,
				4A138EA3227CC00A00AA2618 /* Player.swift */,
			);
			path = Model;
			sourceTree = "<group>";
		};
		4A138EA7227E012E00AA2618 /* Opponent */ = {
			isa = PBXGroup;
			children = (
				4A138EA1227CBFDE00AA2618 /* Opponent.swift */,
				4A138EA8227E013900AA2618 /* OpponentFactory.swift */,
				4A138EA5227CC03500AA2618 /* RandomPickerOpponent.swift */,
			);
			path = Opponent;
			sourceTree = "<group>";
		};
/* End PBXGroup section */

/* Begin PBXNativeTarget section */
		4A138E51227CAEDB00AA2618 /* Rock Paper Scissors */ = {
			isa = PBXNativeTarget;
			buildConfigurationList = 4A138E6F227CAEE600AA2618 /* Build configuration list for PBXNativeTarget "Rock Paper Scissors" */;
			buildPhases = (
				4A138E4E227CAEDB00AA2618 /* Sources */,
				4A138E4F227CAEDB00AA2618 /* Frameworks */,
				4A138E50227CAEDB00AA2618 /* Resources */,
			);
			buildRules = (
			);
			dependencies = (
			);
			name = "Rock Paper Scissors";
			productName = "Rock Paper Scissors";
			productReference = 4A138E52227CAEDB00AA2618 /* Rock Paper Scissors.app */;
			productType = "com.apple.product-type.application";
		};
		4A138E65227CAEE600AA2618 /* Rock Paper ScissorsTests */ = {
			isa = PBXNativeTarget;
			buildConfigurationList = 4A138E72227CAEE600AA2618 /* Build configuration list for PBXNativeTarget "Rock Paper ScissorsTests" */;
			buildPhases = (
				4A138E62227CAEE600AA2618 /* Sources */,
				4A138E63227CAEE600AA2618 /* Frameworks */,
				4A138E64227CAEE600AA2618 /* Resources */,
			);
			buildRules = (
			);
			dependencies = (
				4A138E68227CAEE600AA2618 /* PBXTargetDependency */,
			);
			name = "Rock Paper ScissorsTests";
			productName = "Rock Paper ScissorsTests";
			productReference = 4A138E66227CAEE600AA2618 /* Rock Paper ScissorsTests.xctest */;
			productType = "com.apple.product-type.bundle.unit-test";
		};
/* End PBXNativeTarget section */

/* Begin PBXProject section */
		4A138E4A227CAEDB00AA2618 /* Project object */ = {
			isa = PBXProject;
			attributes = {
				LastSwiftUpdateCheck = 1020;
				LastUpgradeCheck = 1020;
				ORGANIZATIONNAME = hirschgaenger;
				TargetAttributes = {
					4A138E51227CAEDB00AA2618 = {
						CreatedOnToolsVersion = 10.2;
					};
					4A138E65227CAEE600AA2618 = {
						CreatedOnToolsVersion = 10.2;
						TestTargetID = 4A138E51227CAEDB00AA2618;
					};
				};
			};
			buildConfigurationList = 4A138E4D227CAEDB00AA2618 /* Build configuration list for PBXProject "Rock Paper Scissors" */;
			compatibilityVersion = "Xcode 9.3";
			developmentRegion = en;
			hasScannedForEncodings = 0;
			knownRegions = (
				en,
				Base,
			);
			mainGroup = 4A138E49227CAEDB00AA2618;
			productRefGroup = 4A138E53227CAEDB00AA2618 /* Products */;
			projectDirPath = "";
			projectRoot = "";
			targets = (
				4A138E51227CAEDB00AA2618 /* Rock Paper Scissors */,
				4A138E65227CAEE600AA2618 /* Rock Paper ScissorsTests */,
			);
		};
/* End PBXProject section */

/* Begin PBXResourcesBuildPhase section */
		4A138E50227CAEDB00AA2618 /* Resources */ = {
			isa = PBXResourcesBuildPhase;
			buildActionMask = 2147483647;
			files = (
				4A138E8A227CB1EA00AA2618 /* Game.storyboard in Resources */,
				4A138E60227CAEE600AA2618 /* LaunchScreen.storyboard in Resources */,
				4A138E5D227CAEE600AA2618 /* Assets.xcassets in Resources */,
			);
			runOnlyForDeploymentPostprocessing = 0;
		};
		4A138E64227CAEE600AA2618 /* Resources */ = {
			isa = PBXResourcesBuildPhase;
			buildActionMask = 2147483647;
			files = (
			);
			runOnlyForDeploymentPostprocessing = 0;
		};
/* End PBXResourcesBuildPhase section */

/* Begin PBXSourcesBuildPhase section */
		4A138E4E227CAEDB00AA2618 /* Sources */ = {
			isa = PBXSourcesBuildPhase;
			buildActionMask = 2147483647;
			files = (
				4A138EA6227CC03500AA2618 /* RandomPickerOpponent.swift in Sources */,
				4A138E9B227CB7AF00AA2618 /* GameViewControls.swift in Sources */,
				4A138EA2227CBFDE00AA2618 /* Opponent.swift in Sources */,
				4A138E97227CB34B00AA2618 /* GameWorkflowImpl.swift in Sources */,
				4A138E93227CB31000AA2618 /* GameFactory.swift in Sources */,
				4A138E83227CB16F00AA2618 /* GameViewController.swift in Sources */,
				4A138E99227CB38400AA2618 /* GameWorkflowFactory.swift in Sources */,
				4A138EA9227E013900AA2618 /* OpponentFactory.swift in Sources */,
				4A138EA0227CBA5500AA2618 /* Attack.swift in Sources */,
				4A138E76227CAF3D00AA2618 /* AppWorkflow.swift in Sources */,
				4A138E85227CB18A00AA2618 /* GamePresenter.swift in Sources */,
				4A138E95227CB33200AA2618 /* GameWorkflow.swift in Sources */,
				4A138E9D227CB7FC00AA2618 /* GamePresenterFactory.swift in Sources */,
				4A138E8F227CB2A500AA2618 /* GamePresentation.swift in Sources */,
				4A138E7A227CAF9A00AA2618 /* AppWorkflowFactory.swift in Sources */,
				4A138E88227CB1C300AA2618 /* GamePresenterImpl.swift in Sources */,
				4A138E8C227CB20600AA2618 /* GameViewFactory.swift in Sources */,
				4A138E78227CAF5100AA2618 /* AppWorkflowImpl.swift in Sources */,
				4A138EA4227CC00A00AA2618 /* Player.swift in Sources */,
				4A138E56227CAEDB00AA2618 /* AppDelegate.swift in Sources */,
			);
			runOnlyForDeploymentPostprocessing = 0;
		};
		4A138E62227CAEE600AA2618 /* Sources */ = {
			isa = PBXSourcesBuildPhase;
			buildActionMask = 2147483647;
			files = (
				4A138E6B227CAEE600AA2618 /* Rock_Paper_ScissorsTests.swift in Sources */,
			);
			runOnlyForDeploymentPostprocessing = 0;
		};
/* End PBXSourcesBuildPhase section */

/* Begin PBXTargetDependency section */
		4A138E68227CAEE600AA2618 /* PBXTargetDependency */ = {
			isa = PBXTargetDependency;
			target = 4A138E51227CAEDB00AA2618 /* Rock Paper Scissors */;
			targetProxy = 4A138E67227CAEE600AA2618 /* PBXContainerItemProxy */;
		};
/* End PBXTargetDependency section */

/* Begin PBXVariantGroup section */
		4A138E5E227CAEE600AA2618 /* LaunchScreen.storyboard */ = {
			isa = PBXVariantGroup;
			children = (
				4A138E5F227CAEE600AA2618 /* Base */,
			);
			name = LaunchScreen.storyboard;
			sourceTree = "<group>";
		};
/* End PBXVariantGroup section */

/* Begin XCBuildConfiguration section */
		4A138E6D227CAEE600AA2618 /* Debug */ = {
			isa = XCBuildConfiguration;
			buildSettings = {
				ALWAYS_SEARCH_USER_PATHS = NO;
				CLANG_ANALYZER_NONNULL = YES;
				CLANG_ANALYZER_NUMBER_OBJECT_CONVERSION = YES_AGGRESSIVE;
				CLANG_CXX_LANGUAGE_STANDARD = "gnu++14";
				CLANG_CXX_LIBRARY = "libc++";
				CLANG_ENABLE_MODULES = YES;
				CLANG_ENABLE_OBJC_ARC = YES;
				CLANG_ENABLE_OBJC_WEAK = YES;
				CLANG_WARN_BLOCK_CAPTURE_AUTORELEASING = YES;
				CLANG_WARN_BOOL_CONVERSION = YES;
				CLANG_WARN_COMMA = YES;
				CLANG_WARN_CONSTANT_CONVERSION = YES;
				CLANG_WARN_DEPRECATED_OBJC_IMPLEMENTATIONS = YES;
				CLANG_WARN_DIRECT_OBJC_ISA_USAGE = YES_ERROR;
				CLANG_WARN_DOCUMENTATION_COMMENTS = YES;
				CLANG_WARN_EMPTY_BODY = YES;
				CLANG_WARN_ENUM_CONVERSION = YES;
				CLANG_WARN_INFINITE_RECURSION = YES;
				CLANG_WARN_INT_CONVERSION = YES;
				CLANG_WARN_NON_LITERAL_NULL_CONVERSION = YES;
				CLANG_WARN_OBJC_IMPLICIT_RETAIN_SELF = YES;
				CLANG_WARN_OBJC_LITERAL_CONVERSION = YES;
				CLANG_WARN_OBJC_ROOT_CLASS = YES_ERROR;
				CLANG_WARN_RANGE_LOOP_ANALYSIS = YES;
				CLANG_WARN_STRICT_PROTOTYPES = YES;
				CLANG_WARN_SUSPICIOUS_MOVE = YES;
				CLANG_WARN_UNGUARDED_AVAILABILITY = YES_AGGRESSIVE;
				CLANG_WARN_UNREACHABLE_CODE = YES;
				CLANG_WARN__DUPLICATE_METHOD_MATCH = YES;
				CODE_SIGN_IDENTITY = "iPhone Developer";
				COPY_PHASE_STRIP = NO;
				DEBUG_INFORMATION_FORMAT = dwarf;
				ENABLE_STRICT_OBJC_MSGSEND = YES;
				ENABLE_TESTABILITY = YES;
				GCC_C_LANGUAGE_STANDARD = gnu11;
				GCC_DYNAMIC_NO_PIC = NO;
				GCC_NO_COMMON_BLOCKS = YES;
				GCC_OPTIMIZATION_LEVEL = 0;
				GCC_PREPROCESSOR_DEFINITIONS = (
					"DEBUG=1",
					"$(inherited)",
				);
				GCC_WARN_64_TO_32_BIT_CONVERSION = YES;
				GCC_WARN_ABOUT_RETURN_TYPE = YES_ERROR;
				GCC_WARN_UNDECLARED_SELECTOR = YES;
				GCC_WARN_UNINITIALIZED_AUTOS = YES_AGGRESSIVE;
				GCC_WARN_UNUSED_FUNCTION = YES;
				GCC_WARN_UNUSED_VARIABLE = YES;
				IPHONEOS_DEPLOYMENT_TARGET = 12.2;
				MTL_ENABLE_DEBUG_INFO = INCLUDE_SOURCE;
				MTL_FAST_MATH = YES;
				ONLY_ACTIVE_ARCH = YES;
				SDKROOT = iphoneos;
				SWIFT_ACTIVE_COMPILATION_CONDITIONS = DEBUG;
				SWIFT_OPTIMIZATION_LEVEL = "-Onone";
			};
			name = Debug;
		};
		4A138E6E227CAEE600AA2618 /* Release */ = {
			isa = XCBuildConfiguration;
			buildSettings = {
				ALWAYS_SEARCH_USER_PATHS = NO;
				CLANG_ANALYZER_NONNULL = YES;
				CLANG_ANALYZER_NUMBER_OBJECT_CONVERSION = YES_AGGRESSIVE;
				CLANG_CXX_LANGUAGE_STANDARD = "gnu++14";
				CLANG_CXX_LIBRARY = "libc++";
				CLANG_ENABLE_MODULES = YES;
				CLANG_ENABLE_OBJC_ARC = YES;
				CLANG_ENABLE_OBJC_WEAK = YES;
				CLANG_WARN_BLOCK_CAPTURE_AUTORELEASING = YES;
				CLANG_WARN_BOOL_CONVERSION = YES;
				CLANG_WARN_COMMA = YES;
				CLANG_WARN_CONSTANT_CONVERSION = YES;
				CLANG_WARN_DEPRECATED_OBJC_IMPLEMENTATIONS = YES;
				CLANG_WARN_DIRECT_OBJC_ISA_USAGE = YES_ERROR;
				CLANG_WARN_DOCUMENTATION_COMMENTS = YES;
				CLANG_WARN_EMPTY_BODY = YES;
				CLANG_WARN_ENUM_CONVERSION = YES;
				CLANG_WARN_INFINITE_RECURSION = YES;
				CLANG_WARN_INT_CONVERSION = YES;
				CLANG_WARN_NON_LITERAL_NULL_CONVERSION = YES;
				CLANG_WARN_OBJC_IMPLICIT_RETAIN_SELF = YES;
				CLANG_WARN_OBJC_LITERAL_CONVERSION = YES;
				CLANG_WARN_OBJC_ROOT_CLASS = YES_ERROR;
				CLANG_WARN_RANGE_LOOP_ANALYSIS = YES;
				CLANG_WARN_STRICT_PROTOTYPES = YES;
				CLANG_WARN_SUSPICIOUS_MOVE = YES;
				CLANG_WARN_UNGUARDED_AVAILABILITY = YES_AGGRESSIVE;
				CLANG_WARN_UNREACHABLE_CODE = YES;
				CLANG_WARN__DUPLICATE_METHOD_MATCH = YES;
				CODE_SIGN_IDENTITY = "iPhone Developer";
				COPY_PHASE_STRIP = NO;
				DEBUG_INFORMATION_FORMAT = "dwarf-with-dsym";
				ENABLE_NS_ASSERTIONS = NO;
				ENABLE_STRICT_OBJC_MSGSEND = YES;
				GCC_C_LANGUAGE_STANDARD = gnu11;
				GCC_NO_COMMON_BLOCKS = YES;
				GCC_WARN_64_TO_32_BIT_CONVERSION = YES;
				GCC_WARN_ABOUT_RETURN_TYPE = YES_ERROR;
				GCC_WARN_UNDECLARED_SELECTOR = YES;
				GCC_WARN_UNINITIALIZED_AUTOS = YES_AGGRESSIVE;
				GCC_WARN_UNUSED_FUNCTION = YES;
				GCC_WARN_UNUSED_VARIABLE = YES;
				IPHONEOS_DEPLOYMENT_TARGET = 12.2;
				MTL_ENABLE_DEBUG_INFO = NO;
				MTL_FAST_MATH = YES;
				SDKROOT = iphoneos;
				SWIFT_COMPILATION_MODE = wholemodule;
				SWIFT_OPTIMIZATION_LEVEL = "-O";
				VALIDATE_PRODUCT = YES;
			};
			name = Release;
		};
		4A138E70227CAEE600AA2618 /* Debug */ = {
			isa = XCBuildConfiguration;
			buildSettings = {
				ASSETCATALOG_COMPILER_APPICON_NAME = AppIcon;
				CODE_SIGN_STYLE = Automatic;
				DEVELOPMENT_TEAM = 4HG5879524;
				INFOPLIST_FILE = "Rock Paper Scissors/Info.plist";
				LD_RUNPATH_SEARCH_PATHS = (
					"$(inherited)",
					"@executable_path/Frameworks",
				);
				PRODUCT_BUNDLE_IDENTIFIER = "de.hirschgaenger.Rock-Paper-Scissors";
				PRODUCT_NAME = "$(TARGET_NAME)";
				SWIFT_VERSION = 5.0;
				TARGETED_DEVICE_FAMILY = "1,2";
			};
			name = Debug;
		};
		4A138E71227CAEE600AA2618 /* Release */ = {
			isa = XCBuildConfiguration;
			buildSettings = {
				ASSETCATALOG_COMPILER_APPICON_NAME = AppIcon;
				CODE_SIGN_STYLE = Automatic;
				DEVELOPMENT_TEAM = 4HG5879524;
				INFOPLIST_FILE = "Rock Paper Scissors/Info.plist";
				LD_RUNPATH_SEARCH_PATHS = (
					"$(inherited)",
					"@executable_path/Frameworks",
				);
				PRODUCT_BUNDLE_IDENTIFIER = "de.hirschgaenger.Rock-Paper-Scissors";
				PRODUCT_NAME = "$(TARGET_NAME)";
				SWIFT_VERSION = 5.0;
				TARGETED_DEVICE_FAMILY = "1,2";
			};
			name = Release;
		};
		4A138E73227CAEE600AA2618 /* Debug */ = {
			isa = XCBuildConfiguration;
			buildSettings = {
				ALWAYS_EMBED_SWIFT_STANDARD_LIBRARIES = YES;
				BUNDLE_LOADER = "$(TEST_HOST)";
				CODE_SIGN_STYLE = Automatic;
				DEVELOPMENT_TEAM = 4HG5879524;
				INFOPLIST_FILE = "Rock Paper ScissorsTests/Info.plist";
				LD_RUNPATH_SEARCH_PATHS = (
					"$(inherited)",
					"@executable_path/Frameworks",
					"@loader_path/Frameworks",
				);
				PRODUCT_BUNDLE_IDENTIFIER = "de.hirschgaenger.Rock-Paper-ScissorsTests";
				PRODUCT_NAME = "$(TARGET_NAME)";
				SWIFT_VERSION = 5.0;
				TARGETED_DEVICE_FAMILY = "1,2";
				TEST_HOST = "$(BUILT_PRODUCTS_DIR)/Rock Paper Scissors.app/Rock Paper Scissors";
			};
			name = Debug;
		};
		4A138E74227CAEE600AA2618 /* Release */ = {
			isa = XCBuildConfiguration;
			buildSettings = {
				ALWAYS_EMBED_SWIFT_STANDARD_LIBRARIES = YES;
				BUNDLE_LOADER = "$(TEST_HOST)";
				CODE_SIGN_STYLE = Automatic;
				DEVELOPMENT_TEAM = 4HG5879524;
				INFOPLIST_FILE = "Rock Paper ScissorsTests/Info.plist";
				LD_RUNPATH_SEARCH_PATHS = (
					"$(inherited)",
					"@executable_path/Frameworks",
					"@loader_path/Frameworks",
				);
				PRODUCT_BUNDLE_IDENTIFIER = "de.hirschgaenger.Rock-Paper-ScissorsTests";
				PRODUCT_NAME = "$(TARGET_NAME)";
				SWIFT_VERSION = 5.0;
				TARGETED_DEVICE_FAMILY = "1,2";
				TEST_HOST = "$(BUILT_PRODUCTS_DIR)/Rock Paper Scissors.app/Rock Paper Scissors";
			};
			name = Release;
		};
/* End XCBuildConfiguration section */

/* Begin XCConfigurationList section */
		4A138E4D227CAEDB00AA2618 /* Build configuration list for PBXProject "Rock Paper Scissors" */ = {
			isa = XCConfigurationList;
			buildConfigurations = (
				4A138E6D227CAEE600AA2618 /* Debug */,
				4A138E6E227CAEE600AA2618 /* Release */,
			);
			defaultConfigurationIsVisible = 0;
			defaultConfigurationName = Release;
		};
		4A138E6F227CAEE600AA2618 /* Build configuration list for PBXNativeTarget "Rock Paper Scissors" */ = {
			isa = XCConfigurationList;
			buildConfigurations = (
				4A138E70227CAEE600AA2618 /* Debug */,
				4A138E71227CAEE600AA2618 /* Release */,
			);
			defaultConfigurationIsVisible = 0;
			defaultConfigurationName = Release;
		};
		4A138E72227CAEE600AA2618 /* Build configuration list for PBXNativeTarget "Rock Paper ScissorsTests" */ = {
			isa = XCConfigurationList;
			buildConfigurations = (
				4A138E73227CAEE600AA2618 /* Debug */,
				4A138E74227CAEE600AA2618 /* Release */,
			);
			defaultConfigurationIsVisible = 0;
			defaultConfigurationName = Release;
		};
/* End XCConfigurationList section */
	};
	rootObject = 4A138E4A227CAEDB00AA2618 /* Project object */;
}
